
Microsoft Visual Studio Solution File, Format Version 12.00
# Visual Studio 14
VisualStudioVersion = 14.0.25420.1
MinimumVisualStudioVersion = 10.0.40219.1
Project("{FAE04EC0-301F-11D3-BF4B-00C04F79EFBC}") = "DapperMapperExp", "DapperMapperExp.csproj", "{22A1A14F-D3C9-45B6-BA04-CDFC9DD1E33A}"
EndProject
Project("{2150E333-8FDC-42A3-9474-1A3956D46DE8}") = "DataBase", "DataBase", "{EA970425-6C41-4FDC-8FBA-FB383FC6A6DD}"
	ProjectSection(SolutionItems) = preProject
		DataBaseCreationScript.sql = DataBaseCreationScript.sql
	EndProjectSection
EndProject
Project("{FAE04EC0-301F-11D3-BF4B-00C04F79EFBC}") = "ADO.NetTestProject", "..\ADO.NetTestProject\ADO.NetTestProject.csproj", "{A3CC783A-CF15-475D-988A-DBE00F69BC46}"
EndProject
Project("{FAE04EC0-301F-11D3-BF4B-00C04F79EFBC}") = "LinqToSqlTestProject", "LinqToSqlTestProject\LinqToSqlTestProject.csproj", "{A82BCA08-1365-4626-8C90-930B4244A461}"
EndProject
Project("{FAE04EC0-301F-11D3-BF4B-00C04F79EFBC}") = "ComplexObjectMapping", "ComplexObjectMapping\ComplexObjectMapping.csproj", "{82E5EFEB-B288-470E-99D7-8A902588842A}"
EndProject
Project("{00D1A9C2-B5F0-4AF3-8072-F6C62B433612}") = "Database2", "ComplexObjectMapping\Database2\Database2.sqlproj", "{05A03DD3-00C9-4BFF-A5CA-5B0BCC21F1B4}"
EndProject
Global
	GlobalSection(SolutionConfigurationPlatforms) = preSolution
		Debug|Any CPU = Debug|Any CPU
		Release|Any CPU = Release|Any CPU
	EndGlobalSection
	GlobalSection(ProjectConfigurationPlatforms) = postSolution
		{22A1A14F-D3C9-45B6-BA04-CDFC9DD1E33A}.Debug|Any CPU.ActiveCfg = Debug|Any CPU
		{22A1A14F-D3C9-45B6-BA04-CDFC9DD1E33A}.Debug|Any CPU.Build.0 = Debug|Any CPU
		{22A1A14F-D3C9-45B6-BA04-CDFC9DD1E33A}.Release|Any CPU.ActiveCfg = Release|Any CPU
		{22A1A14F-D3C9-45B6-BA04-CDFC9DD1E33A}.Release|Any CPU.Build.0 = Release|Any CPU
		{A3CC783A-CF15-475D-988A-DBE00F69BC46}.Debug|Any CPU.ActiveCfg = Debug|Any CPU
		{A3CC783A-CF15-475D-988A-DBE00F69BC46}.Debug|Any CPU.Build.0 = Debug|Any CPU
		{A3CC783A-CF15-475D-988A-DBE00F69BC46}.Release|Any CPU.ActiveCfg = Release|Any CPU
		{A3CC783A-CF15-475D-988A-DBE00F69BC46}.Release|Any CPU.Build.0 = Release|Any CPU
		{A82BCA08-1365-4626-8C90-930B4244A461}.Debug|Any CPU.ActiveCfg = Debug|Any CPU
		{A82BCA08-1365-4626-8C90-930B4244A461}.Debug|Any CPU.Build.0 = Debug|Any CPU
		{A82BCA08-1365-4626-8C90-930B4244A461}.Release|Any CPU.ActiveCfg = Release|Any CPU
		{A82BCA08-1365-4626-8C90-930B4244A461}.Release|Any CPU.Build.0 = Release|Any CPU
		{82E5EFEB-B288-470E-99D7-8A902588842A}.Debug|Any CPU.ActiveCfg = Debug|Any CPU
		{82E5EFEB-B288-470E-99D7-8A902588842A}.Debug|Any CPU.Build.0 = Debug|Any CPU
		{82E5EFEB-B288-470E-99D7-8A902588842A}.Release|Any CPU.ActiveCfg = Release|Any CPU
		{82E5EFEB-B288-470E-99D7-8A902588842A}.Release|Any CPU.Build.0 = Release|Any CPU
		{05A03DD3-00C9-4BFF-A5CA-5B0BCC21F1B4}.Debug|Any CPU.ActiveCfg = Debug|Any CPU
		{05A03DD3-00C9-4BFF-A5CA-5B0BCC21F1B4}.Debug|Any CPU.Build.0 = Debug|Any CPU
		{05A03DD3-00C9-4BFF-A5CA-5B0BCC21F1B4}.Debug|Any CPU.Deploy.0 = Debug|Any CPU
		{05A03DD3-00C9-4BFF-A5CA-5B0BCC21F1B4}.Release|Any CPU.ActiveCfg = Release|Any CPU
		{05A03DD3-00C9-4BFF-A5CA-5B0BCC21F1B4}.Release|Any CPU.Build.0 = Release|Any CPU
		{05A03DD3-00C9-4BFF-A5CA-5B0BCC21F1B4}.Release|Any CPU.Deploy.0 = Release|Any CPU
	EndGlobalSection
	GlobalSection(SolutionProperties) = preSolution
		HideSolutionNode = FALSE
	EndGlobalSection
EndGlobal
